// !$*UTF8*$!
{
	archiveVersion = 1;
	classes = {
	};
	objectVersion = 52;
	objects = {

/* Begin PBXBuildFile section */
		802F614D268A9FB900B066E5 /* PokemonVotingView.swift in Sources */ = {isa = PBXBuildFile; fileRef = 802F614C268A9FB900B066E5 /* PokemonVotingView.swift */; };
		802F614F268AA83800B066E5 /* PokemonVotingViewModel.swift in Sources */ = {isa = PBXBuildFile; fileRef = 802F614E268AA83800B066E5 /* PokemonVotingViewModel.swift */; };
		803018DD268BEB1D008F82CC /* PokemonsVoted.xcdatamodeld in Sources */ = {isa = PBXBuildFile; fileRef = 803018DB268BEB1D008F82CC /* PokemonsVoted.xcdatamodeld */; };
		80633315268797B400ABB5A8 /* Kingfisher in Frameworks */ = {isa = PBXBuildFile; productRef = 80633314268797B400ABB5A8 /* Kingfisher */; };
		806333172687AB4C00ABB5A8 /* LoadingView.swift in Sources */ = {isa = PBXBuildFile; fileRef = 806333162687AB4C00ABB5A8 /* LoadingView.swift */; };
		80714D25268BEC0A00CF8EDD /* Persistence.swift in Sources */ = {isa = PBXBuildFile; fileRef = 80714D24268BEC0A00CF8EDD /* Persistence.swift */; };
		80714D27268BEFB500CF8EDD /* PokemonsVotedView.swift in Sources */ = {isa = PBXBuildFile; fileRef = 80714D26268BEFB500CF8EDD /* PokemonsVotedView.swift */; };
		80714D29268BEFCC00CF8EDD /* PokemonsVotedViewModel.swift in Sources */ = {isa = PBXBuildFile; fileRef = 80714D28268BEFCC00CF8EDD /* PokemonsVotedViewModel.swift */; };
		8071DC1E2688D29B007FCF2B /* GenerationsView.swift in Sources */ = {isa = PBXBuildFile; fileRef = 8071DC1D2688D29B007FCF2B /* GenerationsView.swift */; };
		8071DC202688DCCF007FCF2B /* GenerationCell.swift in Sources */ = {isa = PBXBuildFile; fileRef = 8071DC1F2688DCCF007FCF2B /* GenerationCell.swift */; };
		80B929E92686BEE400C9EFF5 /* PokemonAppApp.swift in Sources */ = {isa = PBXBuildFile; fileRef = 80B929E82686BEE400C9EFF5 /* PokemonAppApp.swift */; };
		80B929EB2686BEE400C9EFF5 /* ContentView.swift in Sources */ = {isa = PBXBuildFile; fileRef = 80B929EA2686BEE400C9EFF5 /* ContentView.swift */; };
		80B929F02686BEE600C9EFF5 /* PreviewAssets.xcassets in Resources */ = {isa = PBXBuildFile; fileRef = 80B929EF2686BEE600C9EFF5 /* PreviewAssets.xcassets */; };
		80B92A062686BEE600C9EFF5 /* PokemonAppUITests.swift in Sources */ = {isa = PBXBuildFile; fileRef = 80B92A052686BEE600C9EFF5 /* PokemonAppUITests.swift */; };
		80B92A172686BF7000C9EFF5 /* PokemonCell.swift in Sources */ = {isa = PBXBuildFile; fileRef = 80B92A162686BF7000C9EFF5 /* PokemonCell.swift */; };
		80B92A192686C36500C9EFF5 /* PokemonsView.swift in Sources */ = {isa = PBXBuildFile; fileRef = 80B92A182686C36500C9EFF5 /* PokemonsView.swift */; };
		80B92A1B2686C5AF00C9EFF5 /* Pokemon.swift in Sources */ = {isa = PBXBuildFile; fileRef = 80B92A1A2686C5AF00C9EFF5 /* Pokemon.swift */; };
		80B92A1D2686CD0100C9EFF5 /* PokemonViewModel.swift in Sources */ = {isa = PBXBuildFile; fileRef = 80B92A1C2686CD0100C9EFF5 /* PokemonViewModel.swift */; };
		80BFD6FD2687B53C00DC14A1 /* Assets.xcassets in Resources */ = {isa = PBXBuildFile; fileRef = 80BFD6FC2687B53C00DC14A1 /* Assets.xcassets */; };
		80BFD7022687C74900DC14A1 /* PokemonDetail.swift in Sources */ = {isa = PBXBuildFile; fileRef = 80BFD7012687C74900DC14A1 /* PokemonDetail.swift */; };
		B203579F270F397000FD56E9 /* CoreDataServiceStub.swift in Sources */ = {isa = PBXBuildFile; fileRef = B203579E270F397000FD56E9 /* CoreDataServiceStub.swift */; };
		B20357A1270F3C5300FD56E9 /* CoreDataPokemonRepositoryTest.swift in Sources */ = {isa = PBXBuildFile; fileRef = B20357A0270F3C5300FD56E9 /* CoreDataPokemonRepositoryTest.swift */; };
		B21768412701FC2400204DA4 /* GetPokemonsFromAGenerationInteractor.swift in Sources */ = {isa = PBXBuildFile; fileRef = B21768402701FC2400204DA4 /* GetPokemonsFromAGenerationInteractor.swift */; };
		B21768432702139700204DA4 /* GetPokemonsVotedInteractor.swift in Sources */ = {isa = PBXBuildFile; fileRef = B21768422702139700204DA4 /* GetPokemonsVotedInteractor.swift */; };
		B21768452702689100204DA4 /* CoreDataManagerPublisher.swift in Sources */ = {isa = PBXBuildFile; fileRef = B21768442702689100204DA4 /* CoreDataManagerPublisher.swift */; };
		B21A11C527078D8F00888973 /* Resolver+Test.swift in Sources */ = {isa = PBXBuildFile; fileRef = B21A11C427078D8F00888973 /* Resolver+Test.swift */; };
		B21A11C827078EE200888973 /* GetRandomPokemonInteractorStub.swift in Sources */ = {isa = PBXBuildFile; fileRef = B21A11C727078EE200888973 /* GetRandomPokemonInteractorStub.swift */; };
		B21A11CA2707934100888973 /* TestsConstants.swift in Sources */ = {isa = PBXBuildFile; fileRef = B21A11C92707934100888973 /* TestsConstants.swift */; };
		B224414126FB7D9A00A270BF /* Constanst.swift in Sources */ = {isa = PBXBuildFile; fileRef = B224414026FB7D9A00A270BF /* Constanst.swift */; };
		B224414326FB8EF200A270BF /* Utils.swift in Sources */ = {isa = PBXBuildFile; fileRef = B224414226FB8EF200A270BF /* Utils.swift */; };
		B224414526FBCA5700A270BF /* PokemonDataBaseRepository.swift in Sources */ = {isa = PBXBuildFile; fileRef = B224414426FBCA5700A270BF /* PokemonDataBaseRepository.swift */; };
		B224414726FBCAEF00A270BF /* CoreDataPokemonRepository.swift in Sources */ = {isa = PBXBuildFile; fileRef = B224414626FBCAEF00A270BF /* CoreDataPokemonRepository.swift */; };
		B22FC6E2270C931E00CE9587 /* APIPokemonRepositoryStub.swift in Sources */ = {isa = PBXBuildFile; fileRef = B22FC6E1270C931E00CE9587 /* APIPokemonRepositoryStub.swift */; };
		B230EB202707C05A00A34FEB /* PokemonVotingViewModelTest.swift in Sources */ = {isa = PBXBuildFile; fileRef = B230EB1F2707C05A00A34FEB /* PokemonVotingViewModelTest.swift */; };
		B231EDBC27035915000BD8E0 /* DPokemonsVoted.swift in Sources */ = {isa = PBXBuildFile; fileRef = B231EDBB27035915000BD8E0 /* DPokemonsVoted.swift */; };
		B231EDBE27036B65000BD8E0 /* ErrorView.swift in Sources */ = {isa = PBXBuildFile; fileRef = B231EDBD27036B65000BD8E0 /* ErrorView.swift */; };
		B231EDC12703C6E0000BD8E0 /* GetRandomPokemonInteractor.swift in Sources */ = {isa = PBXBuildFile; fileRef = B231EDC02703C6E0000BD8E0 /* GetRandomPokemonInteractor.swift */; };
		B231EDC32703CA5D000BD8E0 /* GetSinglePokemonInteractor.swift in Sources */ = {isa = PBXBuildFile; fileRef = B231EDC22703CA5D000BD8E0 /* GetSinglePokemonInteractor.swift */; };
		B239775C27064AD900F4668F /* LargePokemonCell.swift in Sources */ = {isa = PBXBuildFile; fileRef = B239775B27064AD900F4668F /* LargePokemonCell.swift */; };
		B26D220B270E38EA004CF9AD /* GetPokemonsFromAGenerationInteractorTest.swift in Sources */ = {isa = PBXBuildFile; fileRef = B26D220A270E38EA004CF9AD /* GetPokemonsFromAGenerationInteractorTest.swift */; };
		B26D220D270E3BB5004CF9AD /* GetASinglePokemonInteractorTest.swift in Sources */ = {isa = PBXBuildFile; fileRef = B26D220C270E3BB5004CF9AD /* GetASinglePokemonInteractorTest.swift */; };
		B26D220F270E3D66004CF9AD /* GetRandomPokemonInteractorTest.swift in Sources */ = {isa = PBXBuildFile; fileRef = B26D220E270E3D66004CF9AD /* GetRandomPokemonInteractorTest.swift */; };
		B26D2211270E3E80004CF9AD /* GetPokemonsVotedInteractorTest.swift in Sources */ = {isa = PBXBuildFile; fileRef = B26D2210270E3E80004CF9AD /* GetPokemonsVotedInteractorTest.swift */; };
		B26D2213270E40D6004CF9AD /* StorePokemonInteractorTest.swift in Sources */ = {isa = PBXBuildFile; fileRef = B26D2212270E40D6004CF9AD /* StorePokemonInteractorTest.swift */; };
		B26D2215270E4D85004CF9AD /* APIPokemonRepository+Injection.swift in Sources */ = {isa = PBXBuildFile; fileRef = B26D2214270E4D85004CF9AD /* APIPokemonRepository+Injection.swift */; };
		B26D2217270E5424004CF9AD /* PokemonServiceProtocol.swift in Sources */ = {isa = PBXBuildFile; fileRef = B26D2216270E5424004CF9AD /* PokemonServiceProtocol.swift */; };
		B26D2219270E56FF004CF9AD /* PokemonService.swift in Sources */ = {isa = PBXBuildFile; fileRef = B26D2218270E56FF004CF9AD /* PokemonService.swift */; };
		B26D221B270E5A93004CF9AD /* PokemonServiceStub.swift in Sources */ = {isa = PBXBuildFile; fileRef = B26D221A270E5A93004CF9AD /* PokemonServiceStub.swift */; };
		B26D221E270E5B9F004CF9AD /* APIPokemonRepositoryTest.swift in Sources */ = {isa = PBXBuildFile; fileRef = B26D221D270E5B9F004CF9AD /* APIPokemonRepositoryTest.swift */; };
		B26D2220270E60E6004CF9AD /* CoreDataServiceProtocol.swift in Sources */ = {isa = PBXBuildFile; fileRef = B26D221F270E60E6004CF9AD /* CoreDataServiceProtocol.swift */; };
		B26D2222270E616A004CF9AD /* CoreDataService.swift in Sources */ = {isa = PBXBuildFile; fileRef = B26D2221270E616A004CF9AD /* CoreDataService.swift */; };
		B26D2224270E621B004CF9AD /* CoreDataPokemonRepository+Injection.swift in Sources */ = {isa = PBXBuildFile; fileRef = B26D2223270E621B004CF9AD /* CoreDataPokemonRepository+Injection.swift */; };
		B276F022270B4B1200234832 /* GetPokemonsFromAGenerationInteractorStub.swift in Sources */ = {isa = PBXBuildFile; fileRef = B276F021270B4B1200234832 /* GetPokemonsFromAGenerationInteractorStub.swift */; };
		B276F024270B518200234832 /* PokemonViewModelTest.swift in Sources */ = {isa = PBXBuildFile; fileRef = B276F023270B518200234832 /* PokemonViewModelTest.swift */; };
		B276F026270B871F00234832 /* GetPokemonsVotedInteractorStub.swift in Sources */ = {isa = PBXBuildFile; fileRef = B276F025270B871F00234832 /* GetPokemonsVotedInteractorStub.swift */; };
		B276F028270B8B2100234832 /* GetASinglePokemonInteractorStub.swift in Sources */ = {isa = PBXBuildFile; fileRef = B276F027270B8B2100234832 /* GetASinglePokemonInteractorStub.swift */; };
		B276F02A270B8DD000234832 /* PokemonsVotedViewModelTest.swift in Sources */ = {isa = PBXBuildFile; fileRef = B276F029270B8DD000234832 /* PokemonsVotedViewModelTest.swift */; };
		B276F02C270BA30100234832 /* StorePokemonInteractorStub.swift in Sources */ = {isa = PBXBuildFile; fileRef = B276F02B270BA30100234832 /* StorePokemonInteractorStub.swift */; };
		B27E8AFE2705080E001B1793 /* PokemonApp+Injection.swift in Sources */ = {isa = PBXBuildFile; fileRef = B27E8AFD2705080E001B1793 /* PokemonApp+Injection.swift */; };
		B27E8B00270508AE001B1793 /* GetPokemonsFromAGenerationInteractor+Injection.swift in Sources */ = {isa = PBXBuildFile; fileRef = B27E8AFF270508AE001B1793 /* GetPokemonsFromAGenerationInteractor+Injection.swift */; };
		B27E8B0227050D8C001B1793 /* GetASinglePokemonInteractor+Injection.swift in Sources */ = {isa = PBXBuildFile; fileRef = B27E8B0127050D8C001B1793 /* GetASinglePokemonInteractor+Injection.swift */; };
		B27E8B04270511B9001B1793 /* GetRandomPokemonInteractor+Injection.swift in Sources */ = {isa = PBXBuildFile; fileRef = B27E8B03270511B9001B1793 /* GetRandomPokemonInteractor+Injection.swift */; };
		B27E8B06270513F7001B1793 /* GetPokemonsVotedInteractor+Injection.swift in Sources */ = {isa = PBXBuildFile; fileRef = B27E8B05270513F7001B1793 /* GetPokemonsVotedInteractor+Injection.swift */; };
		B27E8B0827051587001B1793 /* StorePokemonInteractor+Injection.swift in Sources */ = {isa = PBXBuildFile; fileRef = B27E8B0727051587001B1793 /* StorePokemonInteractor+Injection.swift */; };
		B27F456F26FA8134008F8380 /* PokemonRepository.swift in Sources */ = {isa = PBXBuildFile; fileRef = B27F456E26FA8134008F8380 /* PokemonRepository.swift */; };
		B27F457226FA8365008F8380 /* APIPokemonRepository.swift in Sources */ = {isa = PBXBuildFile; fileRef = B27F457126FA8365008F8380 /* APIPokemonRepository.swift */; };
		B2A1D5E8270DE5A1003756AF /* CoreDataPokemonRepositoryStub.swift in Sources */ = {isa = PBXBuildFile; fileRef = B2A1D5E7270DE5A1003756AF /* CoreDataPokemonRepositoryStub.swift */; };
		B2C2B33C27049D5F00E7FFF9 /* StorePokemonInteractor.swift in Sources */ = {isa = PBXBuildFile; fileRef = B2C2B33B27049D5F00E7FFF9 /* StorePokemonInteractor.swift */; };
		B2C2B33F2704BB4A00E7FFF9 /* Resolver in Frameworks */ = {isa = PBXBuildFile; productRef = B2C2B33E2704BB4A00E7FFF9 /* Resolver */; };
/* End PBXBuildFile section */

/* Begin PBXContainerItemProxy section */
		80B929F72686BEE600C9EFF5 /* PBXContainerItemProxy */ = {
			isa = PBXContainerItemProxy;
			containerPortal = 80B929DD2686BEE400C9EFF5 /* Project object */;
			proxyType = 1;
			remoteGlobalIDString = 80B929E42686BEE400C9EFF5;
			remoteInfo = PokemonApp;
		};
		80B92A022686BEE600C9EFF5 /* PBXContainerItemProxy */ = {
			isa = PBXContainerItemProxy;
			containerPortal = 80B929DD2686BEE400C9EFF5 /* Project object */;
			proxyType = 1;
			remoteGlobalIDString = 80B929E42686BEE400C9EFF5;
			remoteInfo = PokemonApp;
		};
/* End PBXContainerItemProxy section */

/* Begin PBXFileReference section */
		802F614C268A9FB900B066E5 /* PokemonVotingView.swift */ = {isa = PBXFileReference; lastKnownFileType = sourcecode.swift; path = PokemonVotingView.swift; sourceTree = "<group>"; };
		802F614E268AA83800B066E5 /* PokemonVotingViewModel.swift */ = {isa = PBXFileReference; lastKnownFileType = sourcecode.swift; path = PokemonVotingViewModel.swift; sourceTree = "<group>"; };
		803018DC268BEB1D008F82CC /* PokemonsVoted.xcdatamodel */ = {isa = PBXFileReference; lastKnownFileType = wrapper.xcdatamodel; path = PokemonsVoted.xcdatamodel; sourceTree = "<group>"; };
		806333162687AB4C00ABB5A8 /* LoadingView.swift */ = {isa = PBXFileReference; lastKnownFileType = sourcecode.swift; path = LoadingView.swift; sourceTree = "<group>"; };
		80714D24268BEC0A00CF8EDD /* Persistence.swift */ = {isa = PBXFileReference; lastKnownFileType = sourcecode.swift; path = Persistence.swift; sourceTree = "<group>"; };
		80714D26268BEFB500CF8EDD /* PokemonsVotedView.swift */ = {isa = PBXFileReference; lastKnownFileType = sourcecode.swift; path = PokemonsVotedView.swift; sourceTree = "<group>"; };
		80714D28268BEFCC00CF8EDD /* PokemonsVotedViewModel.swift */ = {isa = PBXFileReference; lastKnownFileType = sourcecode.swift; path = PokemonsVotedViewModel.swift; sourceTree = "<group>"; };
		8071DC1D2688D29B007FCF2B /* GenerationsView.swift */ = {isa = PBXFileReference; lastKnownFileType = sourcecode.swift; path = GenerationsView.swift; sourceTree = "<group>"; };
		8071DC1F2688DCCF007FCF2B /* GenerationCell.swift */ = {isa = PBXFileReference; lastKnownFileType = sourcecode.swift; path = GenerationCell.swift; sourceTree = "<group>"; };
		80B929E52686BEE400C9EFF5 /* PokemonApp.app */ = {isa = PBXFileReference; explicitFileType = wrapper.application; includeInIndex = 0; path = PokemonApp.app; sourceTree = BUILT_PRODUCTS_DIR; };
		80B929E82686BEE400C9EFF5 /* PokemonAppApp.swift */ = {isa = PBXFileReference; lastKnownFileType = sourcecode.swift; path = PokemonAppApp.swift; sourceTree = "<group>"; };
		80B929EA2686BEE400C9EFF5 /* ContentView.swift */ = {isa = PBXFileReference; lastKnownFileType = sourcecode.swift; path = ContentView.swift; sourceTree = "<group>"; };
		80B929EF2686BEE600C9EFF5 /* PreviewAssets.xcassets */ = {isa = PBXFileReference; lastKnownFileType = folder.assetcatalog; path = PreviewAssets.xcassets; sourceTree = "<group>"; };
		80B929F12686BEE600C9EFF5 /* Info.plist */ = {isa = PBXFileReference; lastKnownFileType = text.plist.xml; path = Info.plist; sourceTree = "<group>"; };
		80B929F62686BEE600C9EFF5 /* PokemonAppTests.xctest */ = {isa = PBXFileReference; explicitFileType = wrapper.cfbundle; includeInIndex = 0; path = PokemonAppTests.xctest; sourceTree = BUILT_PRODUCTS_DIR; };
		80B929FC2686BEE600C9EFF5 /* Info.plist */ = {isa = PBXFileReference; lastKnownFileType = text.plist.xml; path = Info.plist; sourceTree = "<group>"; };
		80B92A012686BEE600C9EFF5 /* PokemonAppUITests.xctest */ = {isa = PBXFileReference; explicitFileType = wrapper.cfbundle; includeInIndex = 0; path = PokemonAppUITests.xctest; sourceTree = BUILT_PRODUCTS_DIR; };
		80B92A052686BEE600C9EFF5 /* PokemonAppUITests.swift */ = {isa = PBXFileReference; lastKnownFileType = sourcecode.swift; path = PokemonAppUITests.swift; sourceTree = "<group>"; };
		80B92A072686BEE600C9EFF5 /* Info.plist */ = {isa = PBXFileReference; lastKnownFileType = text.plist.xml; path = Info.plist; sourceTree = "<group>"; };
		80B92A162686BF7000C9EFF5 /* PokemonCell.swift */ = {isa = PBXFileReference; lastKnownFileType = sourcecode.swift; path = PokemonCell.swift; sourceTree = "<group>"; };
		80B92A182686C36500C9EFF5 /* PokemonsView.swift */ = {isa = PBXFileReference; lastKnownFileType = sourcecode.swift; path = PokemonsView.swift; sourceTree = "<group>"; };
		80B92A1A2686C5AF00C9EFF5 /* Pokemon.swift */ = {isa = PBXFileReference; lastKnownFileType = sourcecode.swift; path = Pokemon.swift; sourceTree = "<group>"; };
		80B92A1C2686CD0100C9EFF5 /* PokemonViewModel.swift */ = {isa = PBXFileReference; lastKnownFileType = sourcecode.swift; path = PokemonViewModel.swift; sourceTree = "<group>"; };
		80BFD6FC2687B53C00DC14A1 /* Assets.xcassets */ = {isa = PBXFileReference; lastKnownFileType = folder.assetcatalog; path = Assets.xcassets; sourceTree = "<group>"; };
		80BFD7012687C74900DC14A1 /* PokemonDetail.swift */ = {isa = PBXFileReference; lastKnownFileType = sourcecode.swift; path = PokemonDetail.swift; sourceTree = "<group>"; };
		B203579E270F397000FD56E9 /* CoreDataServiceStub.swift */ = {isa = PBXFileReference; lastKnownFileType = sourcecode.swift; path = CoreDataServiceStub.swift; sourceTree = "<group>"; };
		B20357A0270F3C5300FD56E9 /* CoreDataPokemonRepositoryTest.swift */ = {isa = PBXFileReference; lastKnownFileType = sourcecode.swift; path = CoreDataPokemonRepositoryTest.swift; sourceTree = "<group>"; };
		B21768402701FC2400204DA4 /* GetPokemonsFromAGenerationInteractor.swift */ = {isa = PBXFileReference; lastKnownFileType = sourcecode.swift; path = GetPokemonsFromAGenerationInteractor.swift; sourceTree = "<group>"; };
		B21768422702139700204DA4 /* GetPokemonsVotedInteractor.swift */ = {isa = PBXFileReference; lastKnownFileType = sourcecode.swift; path = GetPokemonsVotedInteractor.swift; sourceTree = "<group>"; };
		B21768442702689100204DA4 /* CoreDataManagerPublisher.swift */ = {isa = PBXFileReference; lastKnownFileType = sourcecode.swift; path = CoreDataManagerPublisher.swift; sourceTree = "<group>"; };
		B21A11C427078D8F00888973 /* Resolver+Test.swift */ = {isa = PBXFileReference; lastKnownFileType = sourcecode.swift; path = "Resolver+Test.swift"; sourceTree = "<group>"; };
		B21A11C727078EE200888973 /* GetRandomPokemonInteractorStub.swift */ = {isa = PBXFileReference; lastKnownFileType = sourcecode.swift; path = GetRandomPokemonInteractorStub.swift; sourceTree = "<group>"; };
		B21A11C92707934100888973 /* TestsConstants.swift */ = {isa = PBXFileReference; lastKnownFileType = sourcecode.swift; path = TestsConstants.swift; sourceTree = "<group>"; };
		B224414026FB7D9A00A270BF /* Constanst.swift */ = {isa = PBXFileReference; lastKnownFileType = sourcecode.swift; path = Constanst.swift; sourceTree = "<group>"; };
		B224414226FB8EF200A270BF /* Utils.swift */ = {isa = PBXFileReference; lastKnownFileType = sourcecode.swift; path = Utils.swift; sourceTree = "<group>"; };
		B224414426FBCA5700A270BF /* PokemonDataBaseRepository.swift */ = {isa = PBXFileReference; lastKnownFileType = sourcecode.swift; path = PokemonDataBaseRepository.swift; sourceTree = "<group>"; };
		B224414626FBCAEF00A270BF /* CoreDataPokemonRepository.swift */ = {isa = PBXFileReference; lastKnownFileType = sourcecode.swift; path = CoreDataPokemonRepository.swift; sourceTree = "<group>"; };
		B22FC6E1270C931E00CE9587 /* APIPokemonRepositoryStub.swift */ = {isa = PBXFileReference; lastKnownFileType = sourcecode.swift; path = APIPokemonRepositoryStub.swift; sourceTree = "<group>"; };
		B230EB1F2707C05A00A34FEB /* PokemonVotingViewModelTest.swift */ = {isa = PBXFileReference; lastKnownFileType = sourcecode.swift; path = PokemonVotingViewModelTest.swift; sourceTree = "<group>"; };
		B231EDBB27035915000BD8E0 /* DPokemonsVoted.swift */ = {isa = PBXFileReference; lastKnownFileType = sourcecode.swift; path = DPokemonsVoted.swift; sourceTree = "<group>"; };
		B231EDBD27036B65000BD8E0 /* ErrorView.swift */ = {isa = PBXFileReference; lastKnownFileType = sourcecode.swift; path = ErrorView.swift; sourceTree = "<group>"; };
		B231EDC02703C6E0000BD8E0 /* GetRandomPokemonInteractor.swift */ = {isa = PBXFileReference; lastKnownFileType = sourcecode.swift; path = GetRandomPokemonInteractor.swift; sourceTree = "<group>"; };
		B231EDC22703CA5D000BD8E0 /* GetSinglePokemonInteractor.swift */ = {isa = PBXFileReference; lastKnownFileType = sourcecode.swift; path = GetSinglePokemonInteractor.swift; sourceTree = "<group>"; };
		B239775B27064AD900F4668F /* LargePokemonCell.swift */ = {isa = PBXFileReference; lastKnownFileType = sourcecode.swift; path = LargePokemonCell.swift; sourceTree = "<group>"; };
		B26D220A270E38EA004CF9AD /* GetPokemonsFromAGenerationInteractorTest.swift */ = {isa = PBXFileReference; lastKnownFileType = sourcecode.swift; path = GetPokemonsFromAGenerationInteractorTest.swift; sourceTree = "<group>"; };
		B26D220C270E3BB5004CF9AD /* GetASinglePokemonInteractorTest.swift */ = {isa = PBXFileReference; lastKnownFileType = sourcecode.swift; path = GetASinglePokemonInteractorTest.swift; sourceTree = "<group>"; };
		B26D220E270E3D66004CF9AD /* GetRandomPokemonInteractorTest.swift */ = {isa = PBXFileReference; lastKnownFileType = sourcecode.swift; path = GetRandomPokemonInteractorTest.swift; sourceTree = "<group>"; };
		B26D2210270E3E80004CF9AD /* GetPokemonsVotedInteractorTest.swift */ = {isa = PBXFileReference; lastKnownFileType = sourcecode.swift; path = GetPokemonsVotedInteractorTest.swift; sourceTree = "<group>"; };
		B26D2212270E40D6004CF9AD /* StorePokemonInteractorTest.swift */ = {isa = PBXFileReference; lastKnownFileType = sourcecode.swift; path = StorePokemonInteractorTest.swift; sourceTree = "<group>"; };
		B26D2214270E4D85004CF9AD /* APIPokemonRepository+Injection.swift */ = {isa = PBXFileReference; lastKnownFileType = sourcecode.swift; path = "APIPokemonRepository+Injection.swift"; sourceTree = "<group>"; };
		B26D2216270E5424004CF9AD /* PokemonServiceProtocol.swift */ = {isa = PBXFileReference; lastKnownFileType = sourcecode.swift; path = PokemonServiceProtocol.swift; sourceTree = "<group>"; };
		B26D2218270E56FF004CF9AD /* PokemonService.swift */ = {isa = PBXFileReference; lastKnownFileType = sourcecode.swift; path = PokemonService.swift; sourceTree = "<group>"; };
		B26D221A270E5A93004CF9AD /* PokemonServiceStub.swift */ = {isa = PBXFileReference; lastKnownFileType = sourcecode.swift; path = PokemonServiceStub.swift; sourceTree = "<group>"; };
		B26D221D270E5B9F004CF9AD /* APIPokemonRepositoryTest.swift */ = {isa = PBXFileReference; lastKnownFileType = sourcecode.swift; path = APIPokemonRepositoryTest.swift; sourceTree = "<group>"; };
		B26D221F270E60E6004CF9AD /* CoreDataServiceProtocol.swift */ = {isa = PBXFileReference; lastKnownFileType = sourcecode.swift; path = CoreDataServiceProtocol.swift; sourceTree = "<group>"; };
		B26D2221270E616A004CF9AD /* CoreDataService.swift */ = {isa = PBXFileReference; lastKnownFileType = sourcecode.swift; path = CoreDataService.swift; sourceTree = "<group>"; };
		B26D2223270E621B004CF9AD /* CoreDataPokemonRepository+Injection.swift */ = {isa = PBXFileReference; lastKnownFileType = sourcecode.swift; path = "CoreDataPokemonRepository+Injection.swift"; sourceTree = "<group>"; };
		B276F021270B4B1200234832 /* GetPokemonsFromAGenerationInteractorStub.swift */ = {isa = PBXFileReference; lastKnownFileType = sourcecode.swift; path = GetPokemonsFromAGenerationInteractorStub.swift; sourceTree = "<group>"; };
		B276F023270B518200234832 /* PokemonViewModelTest.swift */ = {isa = PBXFileReference; lastKnownFileType = sourcecode.swift; path = PokemonViewModelTest.swift; sourceTree = "<group>"; };
		B276F025270B871F00234832 /* GetPokemonsVotedInteractorStub.swift */ = {isa = PBXFileReference; lastKnownFileType = sourcecode.swift; path = GetPokemonsVotedInteractorStub.swift; sourceTree = "<group>"; };
		B276F027270B8B2100234832 /* GetASinglePokemonInteractorStub.swift */ = {isa = PBXFileReference; lastKnownFileType = sourcecode.swift; path = GetASinglePokemonInteractorStub.swift; sourceTree = "<group>"; };
		B276F029270B8DD000234832 /* PokemonsVotedViewModelTest.swift */ = {isa = PBXFileReference; lastKnownFileType = sourcecode.swift; path = PokemonsVotedViewModelTest.swift; sourceTree = "<group>"; };
		B276F02B270BA30100234832 /* StorePokemonInteractorStub.swift */ = {isa = PBXFileReference; lastKnownFileType = sourcecode.swift; path = StorePokemonInteractorStub.swift; sourceTree = "<group>"; };
		B27E8AFD2705080E001B1793 /* PokemonApp+Injection.swift */ = {isa = PBXFileReference; lastKnownFileType = sourcecode.swift; path = "PokemonApp+Injection.swift"; sourceTree = "<group>"; };
		B27E8AFF270508AE001B1793 /* GetPokemonsFromAGenerationInteractor+Injection.swift */ = {isa = PBXFileReference; lastKnownFileType = sourcecode.swift; path = "GetPokemonsFromAGenerationInteractor+Injection.swift"; sourceTree = "<group>"; };
		B27E8B0127050D8C001B1793 /* GetASinglePokemonInteractor+Injection.swift */ = {isa = PBXFileReference; lastKnownFileType = sourcecode.swift; path = "GetASinglePokemonInteractor+Injection.swift"; sourceTree = "<group>"; };
		B27E8B03270511B9001B1793 /* GetRandomPokemonInteractor+Injection.swift */ = {isa = PBXFileReference; lastKnownFileType = sourcecode.swift; path = "GetRandomPokemonInteractor+Injection.swift"; sourceTree = "<group>"; };
		B27E8B05270513F7001B1793 /* GetPokemonsVotedInteractor+Injection.swift */ = {isa = PBXFileReference; lastKnownFileType = sourcecode.swift; path = "GetPokemonsVotedInteractor+Injection.swift"; sourceTree = "<group>"; };
		B27E8B0727051587001B1793 /* StorePokemonInteractor+Injection.swift */ = {isa = PBXFileReference; lastKnownFileType = sourcecode.swift; path = "StorePokemonInteractor+Injection.swift"; sourceTree = "<group>"; };
		B27F456E26FA8134008F8380 /* PokemonRepository.swift */ = {isa = PBXFileReference; lastKnownFileType = sourcecode.swift; path = PokemonRepository.swift; sourceTree = "<group>"; };
		B27F457126FA8365008F8380 /* APIPokemonRepository.swift */ = {isa = PBXFileReference; lastKnownFileType = sourcecode.swift; path = APIPokemonRepository.swift; sourceTree = "<group>"; };
		B2A1D5E7270DE5A1003756AF /* CoreDataPokemonRepositoryStub.swift */ = {isa = PBXFileReference; lastKnownFileType = sourcecode.swift; path = CoreDataPokemonRepositoryStub.swift; sourceTree = "<group>"; };
		B2C2B33B27049D5F00E7FFF9 /* StorePokemonInteractor.swift */ = {isa = PBXFileReference; lastKnownFileType = sourcecode.swift; path = StorePokemonInteractor.swift; sourceTree = "<group>"; };
/* End PBXFileReference section */

/* Begin PBXFrameworksBuildPhase section */
		80B929E22686BEE400C9EFF5 /* Frameworks */ = {
			isa = PBXFrameworksBuildPhase;
			buildActionMask = 2147483647;
			files = (
				B2C2B33F2704BB4A00E7FFF9 /* Resolver in Frameworks */,
				80633315268797B400ABB5A8 /* Kingfisher in Frameworks */,
			);
			runOnlyForDeploymentPostprocessing = 0;
		};
		80B929F32686BEE600C9EFF5 /* Frameworks */ = {
			isa = PBXFrameworksBuildPhase;
			buildActionMask = 2147483647;
			files = (
			);
			runOnlyForDeploymentPostprocessing = 0;
		};
		80B929FE2686BEE600C9EFF5 /* Frameworks */ = {
			isa = PBXFrameworksBuildPhase;
			buildActionMask = 2147483647;
			files = (
			);
			runOnlyForDeploymentPostprocessing = 0;
		};
/* End PBXFrameworksBuildPhase section */

/* Begin PBXGroup section */
		802F6149268A9F0F00B066E5 /* Pokemons */ = {
			isa = PBXGroup;
			children = (
				80BFD7012687C74900DC14A1 /* PokemonDetail.swift */,
				80B92A182686C36500C9EFF5 /* PokemonsView.swift */,
			);
			path = Pokemons;
			sourceTree = "<group>";
		};
		802F614A268A9F2D00B066E5 /* Generations */ = {
			isa = PBXGroup;
			children = (
				8071DC1D2688D29B007FCF2B /* GenerationsView.swift */,
			);
			path = Generations;
			sourceTree = "<group>";
		};
		802F614B268A9F8B00B066E5 /* VotingSystem */ = {
			isa = PBXGroup;
			children = (
				802F614C268A9FB900B066E5 /* PokemonVotingView.swift */,
				80714D26268BEFB500CF8EDD /* PokemonsVotedView.swift */,
			);
			path = VotingSystem;
			sourceTree = "<group>";
		};
		80B929DC2686BEE400C9EFF5 = {
			isa = PBXGroup;
			children = (
				80B929E72686BEE400C9EFF5 /* PokemonApp */,
				80B929F92686BEE600C9EFF5 /* PokemonAppTests */,
				80B92A042686BEE600C9EFF5 /* PokemonAppUITests */,
				80B929E62686BEE400C9EFF5 /* Products */,
			);
			sourceTree = "<group>";
		};
		80B929E62686BEE400C9EFF5 /* Products */ = {
			isa = PBXGroup;
			children = (
				80B929E52686BEE400C9EFF5 /* PokemonApp.app */,
				80B929F62686BEE600C9EFF5 /* PokemonAppTests.xctest */,
				80B92A012686BEE600C9EFF5 /* PokemonAppUITests.xctest */,
			);
			name = Products;
			sourceTree = "<group>";
		};
		80B929E72686BEE400C9EFF5 /* PokemonApp */ = {
			isa = PBXGroup;
			children = (
				B231EDBF27037454000BD8E0 /* Components */,
				B217683F2701FC0500204DA4 /* Interactors */,
				B27F457026FA8340008F8380 /* Repositories */,
				B27F456D26FA8114008F8380 /* Protocols */,
				80B92A152686BF1200C9EFF5 /* ViewModels */,
				80B92A142686BF0B00C9EFF5 /* Views */,
				80B92A132686BF0200C9EFF5 /* Models */,
				80B929E82686BEE400C9EFF5 /* PokemonAppApp.swift */,
				80B929EA2686BEE400C9EFF5 /* ContentView.swift */,
				B21768442702689100204DA4 /* CoreDataManagerPublisher.swift */,
				80B929F12686BEE600C9EFF5 /* Info.plist */,
				80BFD6FC2687B53C00DC14A1 /* Assets.xcassets */,
				80B929EE2686BEE600C9EFF5 /* Preview Content */,
				803018DB268BEB1D008F82CC /* PokemonsVoted.xcdatamodeld */,
				80714D24268BEC0A00CF8EDD /* Persistence.swift */,
				B224414026FB7D9A00A270BF /* Constanst.swift */,
				B224414226FB8EF200A270BF /* Utils.swift */,
				B27E8AFD2705080E001B1793 /* PokemonApp+Injection.swift */,
				B21A11C92707934100888973 /* TestsConstants.swift */,
				B26D2218270E56FF004CF9AD /* PokemonService.swift */,
				B26D2221270E616A004CF9AD /* CoreDataService.swift */,
			);
			path = PokemonApp;
			sourceTree = "<group>";
		};
		80B929EE2686BEE600C9EFF5 /* Preview Content */ = {
			isa = PBXGroup;
			children = (
				80B929EF2686BEE600C9EFF5 /* PreviewAssets.xcassets */,
			);
			path = "Preview Content";
			sourceTree = "<group>";
		};
		80B929F92686BEE600C9EFF5 /* PokemonAppTests */ = {
			isa = PBXGroup;
			children = (
				B26D221C270E5B78004CF9AD /* RepositoriesTests */,
				B26D2207270E386E004CF9AD /* InteractorsTests */,
				B26D2206270E3857004CF9AD /* ViewModelsTests */,
				B21A11C627078E8900888973 /* Stubs */,
				80B929FC2686BEE600C9EFF5 /* Info.plist */,
				B21A11C427078D8F00888973 /* Resolver+Test.swift */,
			);
			path = PokemonAppTests;
			sourceTree = "<group>";
		};
		80B92A042686BEE600C9EFF5 /* PokemonAppUITests */ = {
			isa = PBXGroup;
			children = (
				80B92A052686BEE600C9EFF5 /* PokemonAppUITests.swift */,
				80B92A072686BEE600C9EFF5 /* Info.plist */,
			);
			path = PokemonAppUITests;
			sourceTree = "<group>";
		};
		80B92A132686BF0200C9EFF5 /* Models */ = {
			isa = PBXGroup;
			children = (
				80B92A1A2686C5AF00C9EFF5 /* Pokemon.swift */,
				B231EDBB27035915000BD8E0 /* DPokemonsVoted.swift */,
			);
			path = Models;
			sourceTree = "<group>";
		};
		80B92A142686BF0B00C9EFF5 /* Views */ = {
			isa = PBXGroup;
			children = (
				802F614B268A9F8B00B066E5 /* VotingSystem */,
				802F614A268A9F2D00B066E5 /* Generations */,
				802F6149268A9F0F00B066E5 /* Pokemons */,
			);
			path = Views;
			sourceTree = "<group>";
		};
		80B92A152686BF1200C9EFF5 /* ViewModels */ = {
			isa = PBXGroup;
			children = (
				80B92A1C2686CD0100C9EFF5 /* PokemonViewModel.swift */,
				802F614E268AA83800B066E5 /* PokemonVotingViewModel.swift */,
				80714D28268BEFCC00CF8EDD /* PokemonsVotedViewModel.swift */,
			);
			path = ViewModels;
			sourceTree = "<group>";
		};
		B217683F2701FC0500204DA4 /* Interactors */ = {
			isa = PBXGroup;
			children = (
				B21768402701FC2400204DA4 /* GetPokemonsFromAGenerationInteractor.swift */,
				B21768422702139700204DA4 /* GetPokemonsVotedInteractor.swift */,
				B231EDC02703C6E0000BD8E0 /* GetRandomPokemonInteractor.swift */,
				B231EDC22703CA5D000BD8E0 /* GetSinglePokemonInteractor.swift */,
				B2C2B33B27049D5F00E7FFF9 /* StorePokemonInteractor.swift */,
				B27E8AFF270508AE001B1793 /* GetPokemonsFromAGenerationInteractor+Injection.swift */,
				B27E8B0127050D8C001B1793 /* GetASinglePokemonInteractor+Injection.swift */,
				B27E8B03270511B9001B1793 /* GetRandomPokemonInteractor+Injection.swift */,
				B27E8B05270513F7001B1793 /* GetPokemonsVotedInteractor+Injection.swift */,
				B27E8B0727051587001B1793 /* StorePokemonInteractor+Injection.swift */,
			);
			path = Interactors;
			sourceTree = "<group>";
		};
		B21A11C627078E8900888973 /* Stubs */ = {
			isa = PBXGroup;
			children = (
				B21A11C727078EE200888973 /* GetRandomPokemonInteractorStub.swift */,
				B276F021270B4B1200234832 /* GetPokemonsFromAGenerationInteractorStub.swift */,
				B276F025270B871F00234832 /* GetPokemonsVotedInteractorStub.swift */,
				B276F027270B8B2100234832 /* GetASinglePokemonInteractorStub.swift */,
				B276F02B270BA30100234832 /* StorePokemonInteractorStub.swift */,
				B22FC6E1270C931E00CE9587 /* APIPokemonRepositoryStub.swift */,
				B2A1D5E7270DE5A1003756AF /* CoreDataPokemonRepositoryStub.swift */,
				B26D221A270E5A93004CF9AD /* PokemonServiceStub.swift */,
				B203579E270F397000FD56E9 /* CoreDataServiceStub.swift */,
			);
			path = Stubs;
			sourceTree = "<group>";
		};
		B231EDBF27037454000BD8E0 /* Components */ = {
			isa = PBXGroup;
			children = (
				8071DC1F2688DCCF007FCF2B /* GenerationCell.swift */,
				806333162687AB4C00ABB5A8 /* LoadingView.swift */,
				80B92A162686BF7000C9EFF5 /* PokemonCell.swift */,
				B231EDBD27036B65000BD8E0 /* ErrorView.swift */,
				B239775B27064AD900F4668F /* LargePokemonCell.swift */,
			);
			path = Components;
			sourceTree = "<group>";
		};
		B26D2206270E3857004CF9AD /* ViewModelsTests */ = {
			isa = PBXGroup;
			children = (
				B230EB1F2707C05A00A34FEB /* PokemonVotingViewModelTest.swift */,
				B276F023270B518200234832 /* PokemonViewModelTest.swift */,
				B276F029270B8DD000234832 /* PokemonsVotedViewModelTest.swift */,
			);
			path = ViewModelsTests;
			sourceTree = "<group>";
		};
		B26D2207270E386E004CF9AD /* InteractorsTests */ = {
			isa = PBXGroup;
			children = (
				B26D220A270E38EA004CF9AD /* GetPokemonsFromAGenerationInteractorTest.swift */,
				B26D220C270E3BB5004CF9AD /* GetASinglePokemonInteractorTest.swift */,
				B26D220E270E3D66004CF9AD /* GetRandomPokemonInteractorTest.swift */,
				B26D2210270E3E80004CF9AD /* GetPokemonsVotedInteractorTest.swift */,
				B26D2212270E40D6004CF9AD /* StorePokemonInteractorTest.swift */,
			);
			path = InteractorsTests;
			sourceTree = "<group>";
		};
		B26D221C270E5B78004CF9AD /* RepositoriesTests */ = {
			isa = PBXGroup;
			children = (
				B26D221D270E5B9F004CF9AD /* APIPokemonRepositoryTest.swift */,
				B20357A0270F3C5300FD56E9 /* CoreDataPokemonRepositoryTest.swift */,
			);
			path = RepositoriesTests;
			sourceTree = "<group>";
		};
		B27F456D26FA8114008F8380 /* Protocols */ = {
			isa = PBXGroup;
			children = (
				B27F456E26FA8134008F8380 /* PokemonRepository.swift */,
				B224414426FBCA5700A270BF /* PokemonDataBaseRepository.swift */,
				B26D2216270E5424004CF9AD /* PokemonServiceProtocol.swift */,
				B26D221F270E60E6004CF9AD /* CoreDataServiceProtocol.swift */,
			);
			path = Protocols;
			sourceTree = "<group>";
		};
		B27F457026FA8340008F8380 /* Repositories */ = {
			isa = PBXGroup;
			children = (
				B27F457126FA8365008F8380 /* APIPokemonRepository.swift */,
				B224414626FBCAEF00A270BF /* CoreDataPokemonRepository.swift */,
				B26D2214270E4D85004CF9AD /* APIPokemonRepository+Injection.swift */,
				B26D2223270E621B004CF9AD /* CoreDataPokemonRepository+Injection.swift */,
			);
			path = Repositories;
			sourceTree = "<group>";
		};
/* End PBXGroup section */

/* Begin PBXNativeTarget section */
		80B929E42686BEE400C9EFF5 /* PokemonApp */ = {
			isa = PBXNativeTarget;
			buildConfigurationList = 80B92A0A2686BEE600C9EFF5 /* Build configuration list for PBXNativeTarget "PokemonApp" */;
			buildPhases = (
				80B929E12686BEE400C9EFF5 /* Sources */,
				80B929E22686BEE400C9EFF5 /* Frameworks */,
				80B929E32686BEE400C9EFF5 /* Resources */,
			);
			buildRules = (
			);
			dependencies = (
			);
			name = PokemonApp;
			packageProductDependencies = (
				80633314268797B400ABB5A8 /* Kingfisher */,
				B2C2B33E2704BB4A00E7FFF9 /* Resolver */,
			);
			productName = PokemonApp;
			productReference = 80B929E52686BEE400C9EFF5 /* PokemonApp.app */;
			productType = "com.apple.product-type.application";
		};
		80B929F52686BEE600C9EFF5 /* PokemonAppTests */ = {
			isa = PBXNativeTarget;
			buildConfigurationList = 80B92A0D2686BEE600C9EFF5 /* Build configuration list for PBXNativeTarget "PokemonAppTests" */;
			buildPhases = (
				80B929F22686BEE600C9EFF5 /* Sources */,
				80B929F32686BEE600C9EFF5 /* Frameworks */,
				80B929F42686BEE600C9EFF5 /* Resources */,
			);
			buildRules = (
			);
			dependencies = (
				80B929F82686BEE600C9EFF5 /* PBXTargetDependency */,
			);
			name = PokemonAppTests;
			productName = PokemonAppTests;
			productReference = 80B929F62686BEE600C9EFF5 /* PokemonAppTests.xctest */;
			productType = "com.apple.product-type.bundle.unit-test";
		};
		80B92A002686BEE600C9EFF5 /* PokemonAppUITests */ = {
			isa = PBXNativeTarget;
			buildConfigurationList = 80B92A102686BEE600C9EFF5 /* Build configuration list for PBXNativeTarget "PokemonAppUITests" */;
			buildPhases = (
				80B929FD2686BEE600C9EFF5 /* Sources */,
				80B929FE2686BEE600C9EFF5 /* Frameworks */,
				80B929FF2686BEE600C9EFF5 /* Resources */,
			);
			buildRules = (
			);
			dependencies = (
				80B92A032686BEE600C9EFF5 /* PBXTargetDependency */,
			);
			name = PokemonAppUITests;
			packageProductDependencies = (
			);
			productName = PokemonAppUITests;
			productReference = 80B92A012686BEE600C9EFF5 /* PokemonAppUITests.xctest */;
			productType = "com.apple.product-type.bundle.ui-testing";
		};
/* End PBXNativeTarget section */

/* Begin PBXProject section */
		80B929DD2686BEE400C9EFF5 /* Project object */ = {
			isa = PBXProject;
			attributes = {
				LastSwiftUpdateCheck = 1250;
				LastUpgradeCheck = 1250;
				TargetAttributes = {
					80B929E42686BEE400C9EFF5 = {
						CreatedOnToolsVersion = 12.5;
					};
					80B929F52686BEE600C9EFF5 = {
						CreatedOnToolsVersion = 12.5;
						TestTargetID = 80B929E42686BEE400C9EFF5;
					};
					80B92A002686BEE600C9EFF5 = {
						CreatedOnToolsVersion = 12.5;
						TestTargetID = 80B929E42686BEE400C9EFF5;
					};
				};
			};
			buildConfigurationList = 80B929E02686BEE400C9EFF5 /* Build configuration list for PBXProject "PokemonApp" */;
			compatibilityVersion = "Xcode 9.3";
			developmentRegion = en;
			hasScannedForEncodings = 0;
			knownRegions = (
				en,
				Base,
			);
			mainGroup = 80B929DC2686BEE400C9EFF5;
			packageReferences = (
				80633313268797B400ABB5A8 /* XCRemoteSwiftPackageReference "Kingfisher" */,
				B2C2B33D2704BB4A00E7FFF9 /* XCRemoteSwiftPackageReference "Resolver" */,
			);
			productRefGroup = 80B929E62686BEE400C9EFF5 /* Products */;
			projectDirPath = "";
			projectRoot = "";
			targets = (
				80B929E42686BEE400C9EFF5 /* PokemonApp */,
				80B929F52686BEE600C9EFF5 /* PokemonAppTests */,
				80B92A002686BEE600C9EFF5 /* PokemonAppUITests */,
			);
		};
/* End PBXProject section */

/* Begin PBXResourcesBuildPhase section */
		80B929E32686BEE400C9EFF5 /* Resources */ = {
			isa = PBXResourcesBuildPhase;
			buildActionMask = 2147483647;
			files = (
				80BFD6FD2687B53C00DC14A1 /* Assets.xcassets in Resources */,
				80B929F02686BEE600C9EFF5 /* PreviewAssets.xcassets in Resources */,
			);
			runOnlyForDeploymentPostprocessing = 0;
		};
		80B929F42686BEE600C9EFF5 /* Resources */ = {
			isa = PBXResourcesBuildPhase;
			buildActionMask = 2147483647;
			files = (
			);
			runOnlyForDeploymentPostprocessing = 0;
		};
		80B929FF2686BEE600C9EFF5 /* Resources */ = {
			isa = PBXResourcesBuildPhase;
			buildActionMask = 2147483647;
			files = (
			);
			runOnlyForDeploymentPostprocessing = 0;
		};
/* End PBXResourcesBuildPhase section */

/* Begin PBXSourcesBuildPhase section */
		80B929E12686BEE400C9EFF5 /* Sources */ = {
			isa = PBXSourcesBuildPhase;
			buildActionMask = 2147483647;
			files = (
				B27E8B0827051587001B1793 /* StorePokemonInteractor+Injection.swift in Sources */,
				B27E8B00270508AE001B1793 /* GetPokemonsFromAGenerationInteractor+Injection.swift in Sources */,
				B26D2224270E621B004CF9AD /* CoreDataPokemonRepository+Injection.swift in Sources */,
				B231EDC12703C6E0000BD8E0 /* GetRandomPokemonInteractor.swift in Sources */,
				B26D2222270E616A004CF9AD /* CoreDataService.swift in Sources */,
				80B92A1B2686C5AF00C9EFF5 /* Pokemon.swift in Sources */,
				80714D29268BEFCC00CF8EDD /* PokemonsVotedViewModel.swift in Sources */,
				8071DC1E2688D29B007FCF2B /* GenerationsView.swift in Sources */,
				B21768432702139700204DA4 /* GetPokemonsVotedInteractor.swift in Sources */,
				80B92A192686C36500C9EFF5 /* PokemonsView.swift in Sources */,
				80714D25268BEC0A00CF8EDD /* Persistence.swift in Sources */,
				B27F456F26FA8134008F8380 /* PokemonRepository.swift in Sources */,
				B231EDBE27036B65000BD8E0 /* ErrorView.swift in Sources */,
				80BFD7022687C74900DC14A1 /* PokemonDetail.swift in Sources */,
				B224414126FB7D9A00A270BF /* Constanst.swift in Sources */,
				B239775C27064AD900F4668F /* LargePokemonCell.swift in Sources */,
				B26D2219270E56FF004CF9AD /* PokemonService.swift in Sources */,
				80714D27268BEFB500CF8EDD /* PokemonsVotedView.swift in Sources */,
				80B92A1D2686CD0100C9EFF5 /* PokemonViewModel.swift in Sources */,
				80B929EB2686BEE400C9EFF5 /* ContentView.swift in Sources */,
				80B929E92686BEE400C9EFF5 /* PokemonAppApp.swift in Sources */,
				B27E8AFE2705080E001B1793 /* PokemonApp+Injection.swift in Sources */,
				B27E8B06270513F7001B1793 /* GetPokemonsVotedInteractor+Injection.swift in Sources */,
				806333172687AB4C00ABB5A8 /* LoadingView.swift in Sources */,
				B2C2B33C27049D5F00E7FFF9 /* StorePokemonInteractor.swift in Sources */,
				80B92A172686BF7000C9EFF5 /* PokemonCell.swift in Sources */,
				B224414726FBCAEF00A270BF /* CoreDataPokemonRepository.swift in Sources */,
				B27E8B0227050D8C001B1793 /* GetASinglePokemonInteractor+Injection.swift in Sources */,
				B26D2217270E5424004CF9AD /* PokemonServiceProtocol.swift in Sources */,
				B27E8B04270511B9001B1793 /* GetRandomPokemonInteractor+Injection.swift in Sources */,
				803018DD268BEB1D008F82CC /* PokemonsVoted.xcdatamodeld in Sources */,
				8071DC202688DCCF007FCF2B /* GenerationCell.swift in Sources */,
				B26D2215270E4D85004CF9AD /* APIPokemonRepository+Injection.swift in Sources */,
				B224414326FB8EF200A270BF /* Utils.swift in Sources */,
				B21768412701FC2400204DA4 /* GetPokemonsFromAGenerationInteractor.swift in Sources */,
				B224414526FBCA5700A270BF /* PokemonDataBaseRepository.swift in Sources */,
				B26D2220270E60E6004CF9AD /* CoreDataServiceProtocol.swift in Sources */,
				802F614D268A9FB900B066E5 /* PokemonVotingView.swift in Sources */,
				B231EDBC27035915000BD8E0 /* DPokemonsVoted.swift in Sources */,
				B27F457226FA8365008F8380 /* APIPokemonRepository.swift in Sources */,
				B231EDC32703CA5D000BD8E0 /* GetSinglePokemonInteractor.swift in Sources */,
				802F614F268AA83800B066E5 /* PokemonVotingViewModel.swift in Sources */,
				B21768452702689100204DA4 /* CoreDataManagerPublisher.swift in Sources */,
				B21A11CA2707934100888973 /* TestsConstants.swift in Sources */,
			);
			runOnlyForDeploymentPostprocessing = 0;
		};
		80B929F22686BEE600C9EFF5 /* Sources */ = {
			isa = PBXSourcesBuildPhase;
			buildActionMask = 2147483647;
			files = (
				B26D221E270E5B9F004CF9AD /* APIPokemonRepositoryTest.swift in Sources */,
				B276F022270B4B1200234832 /* GetPokemonsFromAGenerationInteractorStub.swift in Sources */,
				B276F026270B871F00234832 /* GetPokemonsVotedInteractorStub.swift in Sources */,
				B26D221B270E5A93004CF9AD /* PokemonServiceStub.swift in Sources */,
				B26D2213270E40D6004CF9AD /* StorePokemonInteractorTest.swift in Sources */,
				B26D220B270E38EA004CF9AD /* GetPokemonsFromAGenerationInteractorTest.swift in Sources */,
				B276F024270B518200234832 /* PokemonViewModelTest.swift in Sources */,
				B20357A1270F3C5300FD56E9 /* CoreDataPokemonRepositoryTest.swift in Sources */,
				B2A1D5E8270DE5A1003756AF /* CoreDataPokemonRepositoryStub.swift in Sources */,
				B26D2211270E3E80004CF9AD /* GetPokemonsVotedInteractorTest.swift in Sources */,
				B276F02C270BA30100234832 /* StorePokemonInteractorStub.swift in Sources */,
				B26D220D270E3BB5004CF9AD /* GetASinglePokemonInteractorTest.swift in Sources */,
				B22FC6E2270C931E00CE9587 /* APIPokemonRepositoryStub.swift in Sources */,
				B21A11C527078D8F00888973 /* Resolver+Test.swift in Sources */,
				B203579F270F397000FD56E9 /* CoreDataServiceStub.swift in Sources */,
				B276F028270B8B2100234832 /* GetASinglePokemonInteractorStub.swift in Sources */,
				B26D220F270E3D66004CF9AD /* GetRandomPokemonInteractorTest.swift in Sources */,
				B276F02A270B8DD000234832 /* PokemonsVotedViewModelTest.swift in Sources */,
				B230EB202707C05A00A34FEB /* PokemonVotingViewModelTest.swift in Sources */,
				B21A11C827078EE200888973 /* GetRandomPokemonInteractorStub.swift in Sources */,
			);
			runOnlyForDeploymentPostprocessing = 0;
		};
		80B929FD2686BEE600C9EFF5 /* Sources */ = {
			isa = PBXSourcesBuildPhase;
			buildActionMask = 2147483647;
			files = (
				80B92A062686BEE600C9EFF5 /* PokemonAppUITests.swift in Sources */,
			);
			runOnlyForDeploymentPostprocessing = 0;
		};
/* End PBXSourcesBuildPhase section */

/* Begin PBXTargetDependency section */
		80B929F82686BEE600C9EFF5 /* PBXTargetDependency */ = {
			isa = PBXTargetDependency;
			target = 80B929E42686BEE400C9EFF5 /* PokemonApp */;
			targetProxy = 80B929F72686BEE600C9EFF5 /* PBXContainerItemProxy */;
		};
		80B92A032686BEE600C9EFF5 /* PBXTargetDependency */ = {
			isa = PBXTargetDependency;
			target = 80B929E42686BEE400C9EFF5 /* PokemonApp */;
			targetProxy = 80B92A022686BEE600C9EFF5 /* PBXContainerItemProxy */;
		};
/* End PBXTargetDependency section */

/* Begin XCBuildConfiguration section */
		80B92A082686BEE600C9EFF5 /* Debug */ = {
			isa = XCBuildConfiguration;
			buildSettings = {
				ALWAYS_SEARCH_USER_PATHS = NO;
				CLANG_ANALYZER_NONNULL = YES;
				CLANG_ANALYZER_NUMBER_OBJECT_CONVERSION = YES_AGGRESSIVE;
				CLANG_CXX_LANGUAGE_STANDARD = "gnu++14";
				CLANG_CXX_LIBRARY = "libc++";
				CLANG_ENABLE_MODULES = YES;
				CLANG_ENABLE_OBJC_ARC = YES;
				CLANG_ENABLE_OBJC_WEAK = YES;
				CLANG_WARN_BLOCK_CAPTURE_AUTORELEASING = YES;
				CLANG_WARN_BOOL_CONVERSION = YES;
				CLANG_WARN_COMMA = YES;
				CLANG_WARN_CONSTANT_CONVERSION = YES;
				CLANG_WARN_DEPRECATED_OBJC_IMPLEMENTATIONS = YES;
				CLANG_WARN_DIRECT_OBJC_ISA_USAGE = YES_ERROR;
				CLANG_WARN_DOCUMENTATION_COMMENTS = YES;
				CLANG_WARN_EMPTY_BODY = YES;
				CLANG_WARN_ENUM_CONVERSION = YES;
				CLANG_WARN_INFINITE_RECURSION = YES;
				CLANG_WARN_INT_CONVERSION = YES;
				CLANG_WARN_NON_LITERAL_NULL_CONVERSION = YES;
				CLANG_WARN_OBJC_IMPLICIT_RETAIN_SELF = YES;
				CLANG_WARN_OBJC_LITERAL_CONVERSION = YES;
				CLANG_WARN_OBJC_ROOT_CLASS = YES_ERROR;
				CLANG_WARN_QUOTED_INCLUDE_IN_FRAMEWORK_HEADER = YES;
				CLANG_WARN_RANGE_LOOP_ANALYSIS = YES;
				CLANG_WARN_STRICT_PROTOTYPES = YES;
				CLANG_WARN_SUSPICIOUS_MOVE = YES;
				CLANG_WARN_UNGUARDED_AVAILABILITY = YES_AGGRESSIVE;
				CLANG_WARN_UNREACHABLE_CODE = YES;
				CLANG_WARN__DUPLICATE_METHOD_MATCH = YES;
				COPY_PHASE_STRIP = NO;
				DEBUG_INFORMATION_FORMAT = dwarf;
				ENABLE_STRICT_OBJC_MSGSEND = YES;
				ENABLE_TESTABILITY = YES;
				GCC_C_LANGUAGE_STANDARD = gnu11;
				GCC_DYNAMIC_NO_PIC = NO;
				GCC_NO_COMMON_BLOCKS = YES;
				GCC_OPTIMIZATION_LEVEL = 0;
				GCC_PREPROCESSOR_DEFINITIONS = (
					"DEBUG=1",
					"$(inherited)",
				);
				GCC_WARN_64_TO_32_BIT_CONVERSION = YES;
				GCC_WARN_ABOUT_RETURN_TYPE = YES_ERROR;
				GCC_WARN_UNDECLARED_SELECTOR = YES;
				GCC_WARN_UNINITIALIZED_AUTOS = YES_AGGRESSIVE;
				GCC_WARN_UNUSED_FUNCTION = YES;
				GCC_WARN_UNUSED_VARIABLE = YES;
				IPHONEOS_DEPLOYMENT_TARGET = 14.5;
				MTL_ENABLE_DEBUG_INFO = INCLUDE_SOURCE;
				MTL_FAST_MATH = YES;
				ONLY_ACTIVE_ARCH = YES;
				SDKROOT = iphoneos;
				SWIFT_ACTIVE_COMPILATION_CONDITIONS = DEBUG;
				SWIFT_OPTIMIZATION_LEVEL = "-Onone";
			};
			name = Debug;
		};
		80B92A092686BEE600C9EFF5 /* Release */ = {
			isa = XCBuildConfiguration;
			buildSettings = {
				ALWAYS_SEARCH_USER_PATHS = NO;
				CLANG_ANALYZER_NONNULL = YES;
				CLANG_ANALYZER_NUMBER_OBJECT_CONVERSION = YES_AGGRESSIVE;
				CLANG_CXX_LANGUAGE_STANDARD = "gnu++14";
				CLANG_CXX_LIBRARY = "libc++";
				CLANG_ENABLE_MODULES = YES;
				CLANG_ENABLE_OBJC_ARC = YES;
				CLANG_ENABLE_OBJC_WEAK = YES;
				CLANG_WARN_BLOCK_CAPTURE_AUTORELEASING = YES;
				CLANG_WARN_BOOL_CONVERSION = YES;
				CLANG_WARN_COMMA = YES;
				CLANG_WARN_CONSTANT_CONVERSION = YES;
				CLANG_WARN_DEPRECATED_OBJC_IMPLEMENTATIONS = YES;
				CLANG_WARN_DIRECT_OBJC_ISA_USAGE = YES_ERROR;
				CLANG_WARN_DOCUMENTATION_COMMENTS = YES;
				CLANG_WARN_EMPTY_BODY = YES;
				CLANG_WARN_ENUM_CONVERSION = YES;
				CLANG_WARN_INFINITE_RECURSION = YES;
				CLANG_WARN_INT_CONVERSION = YES;
				CLANG_WARN_NON_LITERAL_NULL_CONVERSION = YES;
				CLANG_WARN_OBJC_IMPLICIT_RETAIN_SELF = YES;
				CLANG_WARN_OBJC_LITERAL_CONVERSION = YES;
				CLANG_WARN_OBJC_ROOT_CLASS = YES_ERROR;
				CLANG_WARN_QUOTED_INCLUDE_IN_FRAMEWORK_HEADER = YES;
				CLANG_WARN_RANGE_LOOP_ANALYSIS = YES;
				CLANG_WARN_STRICT_PROTOTYPES = YES;
				CLANG_WARN_SUSPICIOUS_MOVE = YES;
				CLANG_WARN_UNGUARDED_AVAILABILITY = YES_AGGRESSIVE;
				CLANG_WARN_UNREACHABLE_CODE = YES;
				CLANG_WARN__DUPLICATE_METHOD_MATCH = YES;
				COPY_PHASE_STRIP = NO;
				DEBUG_INFORMATION_FORMAT = "dwarf-with-dsym";
				ENABLE_NS_ASSERTIONS = NO;
				ENABLE_STRICT_OBJC_MSGSEND = YES;
				GCC_C_LANGUAGE_STANDARD = gnu11;
				GCC_NO_COMMON_BLOCKS = YES;
				GCC_WARN_64_TO_32_BIT_CONVERSION = YES;
				GCC_WARN_ABOUT_RETURN_TYPE = YES_ERROR;
				GCC_WARN_UNDECLARED_SELECTOR = YES;
				GCC_WARN_UNINITIALIZED_AUTOS = YES_AGGRESSIVE;
				GCC_WARN_UNUSED_FUNCTION = YES;
				GCC_WARN_UNUSED_VARIABLE = YES;
				IPHONEOS_DEPLOYMENT_TARGET = 14.5;
				MTL_ENABLE_DEBUG_INFO = NO;
				MTL_FAST_MATH = YES;
				SDKROOT = iphoneos;
				SWIFT_COMPILATION_MODE = wholemodule;
				SWIFT_OPTIMIZATION_LEVEL = "-O";
				VALIDATE_PRODUCT = YES;
			};
			name = Release;
		};
		80B92A0B2686BEE600C9EFF5 /* Debug */ = {
			isa = XCBuildConfiguration;
			buildSettings = {
				ASSETCATALOG_COMPILER_APPICON_NAME = AppIcon;
				ASSETCATALOG_COMPILER_GLOBAL_ACCENT_COLOR_NAME = AccentColor;
				CODE_SIGN_STYLE = Automatic;
				DEVELOPMENT_ASSET_PATHS = "\"PokemonApp/Preview Content\"";
				DEVELOPMENT_TEAM = 2SGR54S8C2;
				ENABLE_PREVIEWS = YES;
				INFOPLIST_FILE = PokemonApp/Info.plist;
				IPHONEOS_DEPLOYMENT_TARGET = 14.1;
				LD_RUNPATH_SEARCH_PATHS = (
					"$(inherited)",
					"@executable_path/Frameworks",
				);
				PRODUCT_BUNDLE_IDENTIFIER = com.cristopherE.PokemonApp;
				PRODUCT_NAME = "$(TARGET_NAME)";
				SWIFT_VERSION = 5.0;
				TARGETED_DEVICE_FAMILY = 1;
			};
			name = Debug;
		};
		80B92A0C2686BEE600C9EFF5 /* Release */ = {
			isa = XCBuildConfiguration;
			buildSettings = {
				ASSETCATALOG_COMPILER_APPICON_NAME = AppIcon;
				ASSETCATALOG_COMPILER_GLOBAL_ACCENT_COLOR_NAME = AccentColor;
				CODE_SIGN_STYLE = Automatic;
				DEVELOPMENT_ASSET_PATHS = "\"PokemonApp/Preview Content\"";
				DEVELOPMENT_TEAM = 2SGR54S8C2;
				ENABLE_PREVIEWS = YES;
				INFOPLIST_FILE = PokemonApp/Info.plist;
				IPHONEOS_DEPLOYMENT_TARGET = 14.1;
				LD_RUNPATH_SEARCH_PATHS = (
					"$(inherited)",
					"@executable_path/Frameworks",
				);
				PRODUCT_BUNDLE_IDENTIFIER = com.cristopherE.PokemonApp;
				PRODUCT_NAME = "$(TARGET_NAME)";
				SWIFT_VERSION = 5.0;
				TARGETED_DEVICE_FAMILY = 1;
			};
			name = Release;
		};
		80B92A0E2686BEE600C9EFF5 /* Debug */ = {
			isa = XCBuildConfiguration;
			buildSettings = {
				ALWAYS_EMBED_SWIFT_STANDARD_LIBRARIES = YES;
				BUNDLE_LOADER = "$(TEST_HOST)";
				CODE_SIGN_STYLE = Automatic;
				DEVELOPMENT_TEAM = 2SGR54S8C2;
				INFOPLIST_FILE = PokemonAppTests/Info.plist;
				IPHONEOS_DEPLOYMENT_TARGET = 14.1;
				LD_RUNPATH_SEARCH_PATHS = (
					"$(inherited)",
					"@executable_path/Frameworks",
					"@loader_path/Frameworks",
				);
				PRODUCT_BUNDLE_IDENTIFIER = com.cristopherE.PokemonAppTests;
				PRODUCT_NAME = "$(TARGET_NAME)";
				SWIFT_VERSION = 5.0;
				TARGETED_DEVICE_FAMILY = "1,2";
				TEST_HOST = "$(BUILT_PRODUCTS_DIR)/PokemonApp.app/PokemonApp";
			};
			name = Debug;
		};
		80B92A0F2686BEE600C9EFF5 /* Release */ = {
			isa = XCBuildConfiguration;
			buildSettings = {
				ALWAYS_EMBED_SWIFT_STANDARD_LIBRARIES = YES;
				BUNDLE_LOADER = "$(TEST_HOST)";
				CODE_SIGN_STYLE = Automatic;
				DEVELOPMENT_TEAM = 2SGR54S8C2;
				INFOPLIST_FILE = PokemonAppTests/Info.plist;
				IPHONEOS_DEPLOYMENT_TARGET = 14.1;
				LD_RUNPATH_SEARCH_PATHS = (
					"$(inherited)",
					"@executable_path/Frameworks",
					"@loader_path/Frameworks",
				);
				PRODUCT_BUNDLE_IDENTIFIER = com.cristopherE.PokemonAppTests;
				PRODUCT_NAME = "$(TARGET_NAME)";
				SWIFT_VERSION = 5.0;
				TARGETED_DEVICE_FAMILY = "1,2";
				TEST_HOST = "$(BUILT_PRODUCTS_DIR)/PokemonApp.app/PokemonApp";
			};
			name = Release;
		};
		80B92A112686BEE600C9EFF5 /* Debug */ = {
			isa = XCBuildConfiguration;
			buildSettings = {
				ALWAYS_EMBED_SWIFT_STANDARD_LIBRARIES = YES;
				CODE_SIGN_STYLE = Automatic;
				DEVELOPMENT_TEAM = 2SGR54S8C2;
				INFOPLIST_FILE = PokemonAppUITests/Info.plist;
				LD_RUNPATH_SEARCH_PATHS = (
					"$(inherited)",
					"@executable_path/Frameworks",
					"@loader_path/Frameworks",
				);
				PRODUCT_BUNDLE_IDENTIFIER = com.cristopherE.PokemonAppUITests;
				PRODUCT_NAME = "$(TARGET_NAME)";
				SWIFT_VERSION = 5.0;
				TARGETED_DEVICE_FAMILY = "1,2";
				TEST_TARGET_NAME = PokemonApp;
			};
			name = Debug;
		};
		80B92A122686BEE600C9EFF5 /* Release */ = {
			isa = XCBuildConfiguration;
			buildSettings = {
				ALWAYS_EMBED_SWIFT_STANDARD_LIBRARIES = YES;
				CODE_SIGN_STYLE = Automatic;
				DEVELOPMENT_TEAM = 2SGR54S8C2;
				INFOPLIST_FILE = PokemonAppUITests/Info.plist;
				LD_RUNPATH_SEARCH_PATHS = (
					"$(inherited)",
					"@executable_path/Frameworks",
					"@loader_path/Frameworks",
				);
				PRODUCT_BUNDLE_IDENTIFIER = com.cristopherE.PokemonAppUITests;
				PRODUCT_NAME = "$(TARGET_NAME)";
				SWIFT_VERSION = 5.0;
				TARGETED_DEVICE_FAMILY = "1,2";
				TEST_TARGET_NAME = PokemonApp;
			};
			name = Release;
		};
/* End XCBuildConfiguration section */

/* Begin XCConfigurationList section */
		80B929E02686BEE400C9EFF5 /* Build configuration list for PBXProject "PokemonApp" */ = {
			isa = XCConfigurationList;
			buildConfigurations = (
				80B92A082686BEE600C9EFF5 /* Debug */,
				80B92A092686BEE600C9EFF5 /* Release */,
			);
			defaultConfigurationIsVisible = 0;
			defaultConfigurationName = Release;
		};
		80B92A0A2686BEE600C9EFF5 /* Build configuration list for PBXNativeTarget "PokemonApp" */ = {
			isa = XCConfigurationList;
			buildConfigurations = (
				80B92A0B2686BEE600C9EFF5 /* Debug */,
				80B92A0C2686BEE600C9EFF5 /* Release */,
			);
			defaultConfigurationIsVisible = 0;
			defaultConfigurationName = Release;
		};
		80B92A0D2686BEE600C9EFF5 /* Build configuration list for PBXNativeTarget "PokemonAppTests" */ = {
			isa = XCConfigurationList;
			buildConfigurations = (
				80B92A0E2686BEE600C9EFF5 /* Debug */,
				80B92A0F2686BEE600C9EFF5 /* Release */,
			);
			defaultConfigurationIsVisible = 0;
			defaultConfigurationName = Release;
		};
		80B92A102686BEE600C9EFF5 /* Build configuration list for PBXNativeTarget "PokemonAppUITests" */ = {
			isa = XCConfigurationList;
			buildConfigurations = (
				80B92A112686BEE600C9EFF5 /* Debug */,
				80B92A122686BEE600C9EFF5 /* Release */,
			);
			defaultConfigurationIsVisible = 0;
			defaultConfigurationName = Release;
		};
/* End XCConfigurationList section */

/* Begin XCRemoteSwiftPackageReference section */
		80633313268797B400ABB5A8 /* XCRemoteSwiftPackageReference "Kingfisher" */ = {
			isa = XCRemoteSwiftPackageReference;
			repositoryURL = "https://github.com/onevcat/Kingfisher.git";
			requirement = {
				kind = upToNextMajorVersion;
				minimumVersion = 6.3.0;
			};
		};
		B2C2B33D2704BB4A00E7FFF9 /* XCRemoteSwiftPackageReference "Resolver" */ = {
			isa = XCRemoteSwiftPackageReference;
			repositoryURL = "https://github.com/hmlongco/Resolver.git";
			requirement = {
				kind = upToNextMajorVersion;
				minimumVersion = 1.4.4;
			};
		};
/* End XCRemoteSwiftPackageReference section */

/* Begin XCSwiftPackageProductDependency section */
		80633314268797B400ABB5A8 /* Kingfisher */ = {
			isa = XCSwiftPackageProductDependency;
			package = 80633313268797B400ABB5A8 /* XCRemoteSwiftPackageReference "Kingfisher" */;
			productName = Kingfisher;
		};
		B2C2B33E2704BB4A00E7FFF9 /* Resolver */ = {
			isa = XCSwiftPackageProductDependency;
			package = B2C2B33D2704BB4A00E7FFF9 /* XCRemoteSwiftPackageReference "Resolver" */;
			productName = Resolver;
		};
/* End XCSwiftPackageProductDependency section */

/* Begin XCVersionGroup section */
		803018DB268BEB1D008F82CC /* PokemonsVoted.xcdatamodeld */ = {
			isa = XCVersionGroup;
			children = (
				803018DC268BEB1D008F82CC /* PokemonsVoted.xcdatamodel */,
			);
			currentVersion = 803018DC268BEB1D008F82CC /* PokemonsVoted.xcdatamodel */;
			path = PokemonsVoted.xcdatamodeld;
			sourceTree = "<group>";
			versionGroupType = wrapper.xcdatamodel;
		};
/* End XCVersionGroup section */
	};
	rootObject = 80B929DD2686BEE400C9EFF5 /* Project object */;
}
